{
  "version": 4,
  "terraform_version": "1.3.3",
  "serial": 76,
  "lineage": "56eadc8f-b78f-15ed-118e-30bc2d709be3",
  "outputs": {},
  "resources": [
    {
      "mode": "data",
      "type": "google_service_account",
      "name": "petclinic-sa",
      "provider": "provider[\"registry.terraform.io/hashicorp/google\"]",
      "instances": [
        {
          "schema_version": 0,
          "attributes": {
            "account_id": "petclinic-sa",
            "display_name": "petclinic-sa",
            "email": "petclinic-sa@gcp-2022-1-phase2-oleshchenko.iam.gserviceaccount.com",
            "id": "projects/gcp-2022-1-phase2-oleshchenko/serviceAccounts/petclinic-sa@gcp-2022-1-phase2-oleshchenko.iam.gserviceaccount.com",
            "member": "serviceAccount:petclinic-sa@gcp-2022-1-phase2-oleshchenko.iam.gserviceaccount.com",
            "name": "projects/gcp-2022-1-phase2-oleshchenko/serviceAccounts/petclinic-sa@gcp-2022-1-phase2-oleshchenko.iam.gserviceaccount.com",
            "project": "gcp-2022-1-phase2-oleshchenko",
            "unique_id": "103089758678641960566"
          },
          "sensitive_attributes": []
        }
      ]
    },
    {
      "mode": "managed",
      "type": "google_compute_address",
      "name": "static",
      "provider": "provider[\"registry.terraform.io/hashicorp/google\"]",
      "instances": []
    },
    {
      "mode": "managed",
      "type": "google_compute_firewall",
      "name": "http-rule",
      "provider": "provider[\"registry.terraform.io/hashicorp/google\"]",
      "instances": []
    },
    {
      "mode": "managed",
      "type": "google_compute_firewall",
      "name": "ssh-rule",
      "provider": "provider[\"registry.terraform.io/hashicorp/google\"]",
      "instances": []
    },
    {
      "mode": "managed",
      "type": "google_compute_global_address",
      "name": "private_ip_address",
      "provider": "provider[\"registry.terraform.io/hashicorp/google\"]",
      "instances": []
    },
    {
      "mode": "managed",
      "type": "google_compute_instance",
      "name": "petclinic-app-tf",
      "provider": "provider[\"registry.terraform.io/hashicorp/google\"]",
      "instances": []
    },
    {
      "mode": "managed",
      "type": "google_compute_subnetwork",
      "name": "petclinic-subnet-tf-eu-west1",
      "provider": "provider[\"registry.terraform.io/hashicorp/google\"]",
      "instances": []
    },
    {
      "mode": "managed",
      "type": "google_service_networking_connection",
      "name": "private_vpc_connection",
      "provider": "provider[\"registry.terraform.io/hashicorp/google\"]",
      "instances": []
    },
    {
      "mode": "managed",
      "type": "google_sql_database",
      "name": "petclinic-db",
      "provider": "provider[\"registry.terraform.io/hashicorp/google\"]",
      "instances": []
    },
    {
      "mode": "managed",
      "type": "google_sql_database_instance",
      "name": "petclinic-db-instance",
      "provider": "provider[\"registry.terraform.io/hashicorp/google\"]",
      "instances": []
    },
    {
      "mode": "managed",
      "type": "google_sql_user",
      "name": "users",
      "provider": "provider[\"registry.terraform.io/hashicorp/google\"]",
      "instances": []
    },
    {
      "mode": "managed",
      "type": "random_id",
      "name": "db_name_suffix",
      "provider": "provider[\"registry.terraform.io/hashicorp/random\"]",
      "instances": [
        {
          "schema_version": 0,
          "attributes": {
            "b64_std": "q3me1A==",
            "b64_url": "q3me1A",
            "byte_length": 4,
            "dec": "2876874452",
            "hex": "ab799ed4",
            "id": "q3me1A",
            "keepers": null,
            "prefix": null
          },
          "sensitive_attributes": []
        }
      ]
    }
  ],
  "check_results": null
}
